// !$*UTF8*$!
{
	archiveVersion = 1;
	classes = {
	};
	objectVersion = 46;
	objects = {

/* Begin PBXBuildFile section */
		5C699CA319BCF2E000084657 /* CoreImage.framework in Frameworks */ = {isa = PBXBuildFile; fileRef = 5C6EA0CA19BB79F70015E181 /* CoreImage.framework */; };
		5C6EA0CC19BB7A230015E181 /* UIKit.framework in Frameworks */ = {isa = PBXBuildFile; fileRef = 5C6EA0C819BB79960015E181 /* UIKit.framework */; };
		5C84F09219BA314100934D06 /* Obscura.h in Headers */ = {isa = PBXBuildFile; fileRef = 5C84F09119BA314100934D06 /* Obscura.h */; settings = {ATTRIBUTES = (Public, ); }; };
		5C84F0A119BA314200934D06 /* Obscura.framework in Frameworks */ = {isa = PBXBuildFile; fileRef = 5C84F08D19BA314100934D06 /* Obscura.framework */; };
		5C84F0A219BA314200934D06 /* Obscura.framework in Embed Frameworks */ = {isa = PBXBuildFile; fileRef = 5C84F08D19BA314100934D06 /* Obscura.framework */; settings = {ATTRIBUTES = (CodeSignOnCopy, RemoveHeadersOnCopy, ); }; };
		5C84F0AC19BA315E00934D06 /* Operators.swift in Sources */ = {isa = PBXBuildFile; fileRef = 5C84F0AB19BA315E00934D06 /* Operators.swift */; };
		5C9DFE1719BA06F600D435B8 /* AppDelegate.swift in Sources */ = {isa = PBXBuildFile; fileRef = 5C9DFE1619BA06F600D435B8 /* AppDelegate.swift */; };
		5C9DFE1919BA06F600D435B8 /* ViewController.swift in Sources */ = {isa = PBXBuildFile; fileRef = 5C9DFE1819BA06F600D435B8 /* ViewController.swift */; };
		5C9DFE1C19BA06F700D435B8 /* Main.storyboard in Resources */ = {isa = PBXBuildFile; fileRef = 5C9DFE1A19BA06F600D435B8 /* Main.storyboard */; };
		5C9DFE1E19BA06F700D435B8 /* Images.xcassets in Resources */ = {isa = PBXBuildFile; fileRef = 5C9DFE1D19BA06F700D435B8 /* Images.xcassets */; };
/* End PBXBuildFile section */

/* Begin PBXContainerItemProxy section */
		5C84F09F19BA314200934D06 /* PBXContainerItemProxy */ = {
			isa = PBXContainerItemProxy;
			containerPortal = 5C9DFE0919BA06F600D435B8 /* Project object */;
			proxyType = 1;
			remoteGlobalIDString = 5C84F08C19BA314100934D06;
			remoteInfo = Obscura;
		};
		5C84F0A319BA314200934D06 /* PBXContainerItemProxy */ = {
			isa = PBXContainerItemProxy;
			containerPortal = 5C9DFE0919BA06F600D435B8 /* Project object */;
			proxyType = 1;
			remoteGlobalIDString = 5C84F08C19BA314100934D06;
			remoteInfo = Obscura;
		};
/* End PBXContainerItemProxy section */

/* Begin PBXCopyFilesBuildPhase section */
		5CBD70F519BA2C350006356E /* Embed Frameworks */ = {
			isa = PBXCopyFilesBuildPhase;
			buildActionMask = 2147483647;
			dstPath = "";
			dstSubfolderSpec = 10;
			files = (
				5C84F0A219BA314200934D06 /* Obscura.framework in Embed Frameworks */,
			);
			name = "Embed Frameworks";
			runOnlyForDeploymentPostprocessing = 0;
		};
/* End PBXCopyFilesBuildPhase section */

/* Begin PBXFileReference section */
		5C33BF2F19BA1B5800F5BBC2 /* Smi.ly-Bridging-Header.h */ = {isa = PBXFileReference; lastKnownFileType = sourcecode.c.h; path = "Smi.ly-Bridging-Header.h"; sourceTree = SOURCE_ROOT; };
		5C6EA0C819BB79960015E181 /* UIKit.framework */ = {isa = PBXFileReference; lastKnownFileType = wrapper.framework; name = UIKit.framework; path = System/Library/Frameworks/UIKit.framework; sourceTree = SDKROOT; };
		5C6EA0CA19BB79F70015E181 /* CoreImage.framework */ = {isa = PBXFileReference; lastKnownFileType = wrapper.framework; name = CoreImage.framework; path = /Applications/Xcode.app/Contents/Developer/Platforms/iPhoneSimulator.platform/Developer/SDKs/iPhoneSimulator7.1.sdk/System/Library/Frameworks/CoreImage.framework; sourceTree = "<absolute>"; };
		5C7411CC19BCF79F008B8C18 /* Smi.ly.playground */ = {isa = PBXFileReference; lastKnownFileType = file.playground; path = Smi.ly.playground; sourceTree = "<group>"; };
		5C84F08D19BA314100934D06 /* Obscura.framework */ = {isa = PBXFileReference; explicitFileType = wrapper.framework; includeInIndex = 0; path = Obscura.framework; sourceTree = BUILT_PRODUCTS_DIR; };
		5C84F09019BA314100934D06 /* Info.plist */ = {isa = PBXFileReference; lastKnownFileType = text.plist.xml; path = Info.plist; sourceTree = "<group>"; };
		5C84F09119BA314100934D06 /* Obscura.h */ = {isa = PBXFileReference; lastKnownFileType = sourcecode.c.h; path = Obscura.h; sourceTree = "<group>"; };
		5C84F0AB19BA315E00934D06 /* Operators.swift */ = {isa = PBXFileReference; fileEncoding = 4; lastKnownFileType = sourcecode.swift; path = Operators.swift; sourceTree = "<group>"; };
		5C9DFE1119BA06F600D435B8 /* Smi.ly.app */ = {isa = PBXFileReference; explicitFileType = wrapper.application; includeInIndex = 0; path = Smi.ly.app; sourceTree = BUILT_PRODUCTS_DIR; };
		5C9DFE1519BA06F600D435B8 /* Info.plist */ = {isa = PBXFileReference; lastKnownFileType = text.plist.xml; path = Info.plist; sourceTree = "<group>"; };
		5C9DFE1619BA06F600D435B8 /* AppDelegate.swift */ = {isa = PBXFileReference; lastKnownFileType = sourcecode.swift; path = AppDelegate.swift; sourceTree = "<group>"; };
		5C9DFE1819BA06F600D435B8 /* ViewController.swift */ = {isa = PBXFileReference; lastKnownFileType = sourcecode.swift; path = ViewController.swift; sourceTree = "<group>"; };
		5C9DFE1B19BA06F700D435B8 /* Base */ = {isa = PBXFileReference; lastKnownFileType = file.storyboard; name = Base; path = Base.lproj/Main.storyboard; sourceTree = "<group>"; };
		5C9DFE1D19BA06F700D435B8 /* Images.xcassets */ = {isa = PBXFileReference; lastKnownFileType = folder.assetcatalog; path = Images.xcassets; sourceTree = "<group>"; };
/* End PBXFileReference section */

/* Begin PBXFrameworksBuildPhase section */
		5C84F08919BA314100934D06 /* Frameworks */ = {
			isa = PBXFrameworksBuildPhase;
			buildActionMask = 2147483647;
			files = (
				5C699CA319BCF2E000084657 /* CoreImage.framework in Frameworks */,
				5C6EA0CC19BB7A230015E181 /* UIKit.framework in Frameworks */,
			);
			runOnlyForDeploymentPostprocessing = 0;
		};
		5C9DFE0E19BA06F600D435B8 /* Frameworks */ = {
			isa = PBXFrameworksBuildPhase;
			buildActionMask = 2147483647;
			files = (
				5C84F0A119BA314200934D06 /* Obscura.framework in Frameworks */,
			);
			runOnlyForDeploymentPostprocessing = 0;
		};
/* End PBXFrameworksBuildPhase section */

/* Begin PBXGroup section */
		5C84F08E19BA314100934D06 /* Obscura */ = {
			isa = PBXGroup;
			children = (
				5C84F09119BA314100934D06 /* Obscura.h */,
				5C84F0AB19BA315E00934D06 /* Operators.swift */,
				5C84F08F19BA314100934D06 /* Supporting Files */,
			);
			path = Obscura;
			sourceTree = "<group>";
		};
		5C84F08F19BA314100934D06 /* Supporting Files */ = {
			isa = PBXGroup;
			children = (
				5C6EA0CA19BB79F70015E181 /* CoreImage.framework */,
				5C6EA0C819BB79960015E181 /* UIKit.framework */,
				5C84F09019BA314100934D06 /* Info.plist */,
			);
			name = "Supporting Files";
			sourceTree = "<group>";
		};
		5C9DFE0819BA06F600D435B8 = {
			isa = PBXGroup;
			children = (
				5C7411CC19BCF79F008B8C18 /* Smi.ly.playground */,
				5C9DFE1319BA06F600D435B8 /* Smi.ly */,
				5C84F08E19BA314100934D06 /* Obscura */,
				5C9DFE1219BA06F600D435B8 /* Products */,
			);
			sourceTree = "<group>";
		};
		5C9DFE1219BA06F600D435B8 /* Products */ = {
			isa = PBXGroup;
			children = (
				5C9DFE1119BA06F600D435B8 /* Smi.ly.app */,
				5C84F08D19BA314100934D06 /* Obscura.framework */,
			);
			name = Products;
			sourceTree = "<group>";
		};
		5C9DFE1319BA06F600D435B8 /* Smi.ly */ = {
			isa = PBXGroup;
			children = (
				5C9DFE1619BA06F600D435B8 /* AppDelegate.swift */,
				5C9DFE1819BA06F600D435B8 /* ViewController.swift */,
				5C9DFE1A19BA06F600D435B8 /* Main.storyboard */,
				5C9DFE1D19BA06F700D435B8 /* Images.xcassets */,
				5C9DFE1419BA06F600D435B8 /* Supporting Files */,
			);
			path = Smi.ly;
			sourceTree = "<group>";
		};
		5C9DFE1419BA06F600D435B8 /* Supporting Files */ = {
			isa = PBXGroup;
			children = (
				5C33BF2F19BA1B5800F5BBC2 /* Smi.ly-Bridging-Header.h */,
				5C9DFE1519BA06F600D435B8 /* Info.plist */,
			);
			name = "Supporting Files";
			sourceTree = "<group>";
		};
/* End PBXGroup section */

/* Begin PBXHeadersBuildPhase section */
		5C84F08A19BA314100934D06 /* Headers */ = {
			isa = PBXHeadersBuildPhase;
			buildActionMask = 2147483647;
			files = (
				5C84F09219BA314100934D06 /* Obscura.h in Headers */,
			);
			runOnlyForDeploymentPostprocessing = 0;
		};
/* End PBXHeadersBuildPhase section */

/* Begin PBXNativeTarget section */
		5C84F08C19BA314100934D06 /* Obscura */ = {
			isa = PBXNativeTarget;
			buildConfigurationList = 5C84F0A519BA314200934D06 /* Build configuration list for PBXNativeTarget "Obscura" */;
			buildPhases = (
				5C84F08819BA314100934D06 /* Sources */,
				5C84F08919BA314100934D06 /* Frameworks */,
				5C84F08A19BA314100934D06 /* Headers */,
				5C84F08B19BA314100934D06 /* Resources */,
			);
			buildRules = (
			);
			dependencies = (
			);
			name = Obscura;
			productName = Obscura;
			productReference = 5C84F08D19BA314100934D06 /* Obscura.framework */;
			productType = "com.apple.product-type.framework";
		};
		5C9DFE1019BA06F600D435B8 /* Smi.ly */ = {
			isa = PBXNativeTarget;
			buildConfigurationList = 5C9DFE2D19BA06F700D435B8 /* Build configuration list for PBXNativeTarget "Smi.ly" */;
			buildPhases = (
				5C9DFE0D19BA06F600D435B8 /* Sources */,
				5C9DFE0E19BA06F600D435B8 /* Frameworks */,
				5C9DFE0F19BA06F600D435B8 /* Resources */,
				5CBD70F519BA2C350006356E /* Embed Frameworks */,
			);
			buildRules = (
			);
			dependencies = (
				5C84F0A019BA314200934D06 /* PBXTargetDependency */,
				5C84F0A419BA314200934D06 /* PBXTargetDependency */,
			);
			name = Smi.ly;
			productName = Smi.ly;
			productReference = 5C9DFE1119BA06F600D435B8 /* Smi.ly.app */;
			productType = "com.apple.product-type.application";
		};
/* End PBXNativeTarget section */

/* Begin PBXProject section */
		5C9DFE0919BA06F600D435B8 /* Project object */ = {
			isa = PBXProject;
			attributes = {
				LastUpgradeCheck = 0600;
				ORGANIZATIONNAME = "Sash Zats";
				TargetAttributes = {
					5C84F08C19BA314100934D06 = {
						CreatedOnToolsVersion = 6.0;
					};
					5C9DFE1019BA06F600D435B8 = {
						CreatedOnToolsVersion = 6.0;
					};
				};
			};
			buildConfigurationList = 5C9DFE0C19BA06F600D435B8 /* Build configuration list for PBXProject "Smi.ly" */;
			compatibilityVersion = "Xcode 3.2";
			developmentRegion = English;
			hasScannedForEncodings = 0;
			knownRegions = (
				en,
				Base,
			);
			mainGroup = 5C9DFE0819BA06F600D435B8;
			productRefGroup = 5C9DFE1219BA06F600D435B8 /* Products */;
			projectDirPath = "";
			projectRoot = "";
			targets = (
				5C9DFE1019BA06F600D435B8 /* Smi.ly */,
				5C84F08C19BA314100934D06 /* Obscura */,
			);
		};
/* End PBXProject section */

/* Begin PBXResourcesBuildPhase section */
		5C84F08B19BA314100934D06 /* Resources */ = {
			isa = PBXResourcesBuildPhase;
			buildActionMask = 2147483647;
			files = (
			);
			runOnlyForDeploymentPostprocessing = 0;
		};
		5C9DFE0F19BA06F600D435B8 /* Resources */ = {
			isa = PBXResourcesBuildPhase;
			buildActionMask = 2147483647;
			files = (
				5C9DFE1C19BA06F700D435B8 /* Main.storyboard in Resources */,
				5C9DFE1E19BA06F700D435B8 /* Images.xcassets in Resources */,
			);
			runOnlyForDeploymentPostprocessing = 0;
		};
/* End PBXResourcesBuildPhase section */

/* Begin PBXSourcesBuildPhase section */
		5C84F08819BA314100934D06 /* Sources */ = {
			isa = PBXSourcesBuildPhase;
			buildActionMask = 2147483647;
			files = (
				5C84F0AC19BA315E00934D06 /* Operators.swift in Sources */,
			);
			runOnlyForDeploymentPostprocessing = 0;
		};
		5C9DFE0D19BA06F600D435B8 /* Sources */ = {
			isa = PBXSourcesBuildPhase;
			buildActionMask = 2147483647;
			files = (
				5C9DFE1919BA06F600D435B8 /* ViewController.swift in Sources */,
				5C9DFE1719BA06F600D435B8 /* AppDelegate.swift in Sources */,
			);
			runOnlyForDeploymentPostprocessing = 0;
		};
/* End PBXSourcesBuildPhase section */

/* Begin PBXTargetDependency section */
		5C84F0A019BA314200934D06 /* PBXTargetDependency */ = {
			isa = PBXTargetDependency;
			target = 5C84F08C19BA314100934D06 /* Obscura */;
			targetProxy = 5C84F09F19BA314200934D06 /* PBXContainerItemProxy */;
		};
		5C84F0A419BA314200934D06 /* PBXTargetDependency */ = {
			isa = PBXTargetDependency;
			target = 5C84F08C19BA314100934D06 /* Obscura */;
			targetProxy = 5C84F0A319BA314200934D06 /* PBXContainerItemProxy */;
		};
/* End PBXTargetDependency section */

/* Begin PBXVariantGroup section */
		5C9DFE1A19BA06F600D435B8 /* Main.storyboard */ = {
			isa = PBXVariantGroup;
			children = (
				5C9DFE1B19BA06F700D435B8 /* Base */,
			);
			name = Main.storyboard;
			sourceTree = "<group>";
		};
/* End PBXVariantGroup section */

/* Begin XCBuildConfiguration section */
		5C84F0A619BA314200934D06 /* Debug */ = {
			isa = XCBuildConfiguration;
			buildSettings = {
				CLANG_ENABLE_MODULES = YES;
				CURRENT_PROJECT_VERSION = 1;
				DEFINES_MODULE = YES;
				DYLIB_COMPATIBILITY_VERSION = 1;
				DYLIB_CURRENT_VERSION = 1;
				DYLIB_INSTALL_NAME_BASE = "@rpath";
				FRAMEWORK_SEARCH_PATHS = (
					"$(inherited)",
					"$(SYSTEM_APPS_DIR)/Xcode.app/Contents/Developer/Platforms/iPhoneSimulator.platform/Developer/SDKs/iPhoneSimulator7.1.sdk/System/Library/Frameworks",
				);
				GCC_PREPROCESSOR_DEFINITIONS = (
					"DEBUG=1",
					"$(inherited)",
				);
				INFOPLIST_FILE = Obscura/Info.plist;
				INSTALL_PATH = "$(LOCAL_LIBRARY_DIR)/Frameworks";
				LD_RUNPATH_SEARCH_PATHS = "$(inherited) @executable_path/Frameworks @loader_path/Frameworks";
				PRODUCT_NAME = "$(TARGET_NAME)";
				SKIP_INSTALL = YES;
				SWIFT_OPTIMIZATION_LEVEL = "-Onone";
				TARGETED_DEVICE_FAMILY = "1,2";
				VERSIONING_SYSTEM = "apple-generic";
				VERSION_INFO_PREFIX = "";
			};
			name = Debug;
		};
		5C84F0A719BA314200934D06 /* Release */ = {
			isa = XCBuildConfiguration;
			buildSettings = {
				CLANG_ENABLE_MODULES = YES;
				CURRENT_PROJECT_VERSION = 1;
				DEFINES_MODULE = YES;
				DYLIB_COMPATIBILITY_VERSION = 1;
				DYLIB_CURRENT_VERSION = 1;
				DYLIB_INSTALL_NAME_BASE = "@rpath";
				FRAMEWORK_SEARCH_PATHS = (
					"$(inherited)",
					"$(SYSTEM_APPS_DIR)/Xcode.app/Contents/Developer/Platforms/iPhoneSimulator.platform/Developer/SDKs/iPhoneSimulator7.1.sdk/System/Library/Frameworks",
				);
				INFOPLIST_FILE = Obscura/Info.plist;
				INSTALL_PATH = "$(LOCAL_LIBRARY_DIR)/Frameworks";
				LD_RUNPATH_SEARCH_PATHS = "$(inherited) @executable_path/Frameworks @loader_path/Frameworks";
				PRODUCT_NAME = "$(TARGET_NAME)";
				SKIP_INSTALL = YES;
				TARGETED_DEVICE_FAMILY = "1,2";
				VERSIONING_SYSTEM = "apple-generic";
				VERSION_INFO_PREFIX = "";
			};
			name = Release;
		};
		5C9DFE2B19BA06F700D435B8 /* Debug */ = {
			isa = XCBuildConfiguration;
			buildSettings = {
				ALWAYS_SEARCH_USER_PATHS = NO;
				CLANG_CXX_LANGUAGE_STANDARD = "gnu++0x";
				CLANG_CXX_LIBRARY = "libc++";
				CLANG_ENABLE_MODULES = YES;
				CLANG_ENABLE_OBJC_ARC = YES;
				CLANG_WARN_BOOL_CONVERSION = YES;
				CLANG_WARN_CONSTANT_CONVERSION = YES;
				CLANG_WARN_DIRECT_OBJC_ISA_USAGE = YES_ERROR;
				CLANG_WARN_EMPTY_BODY = YES;
				CLANG_WARN_ENUM_CONVERSION = YES;
				CLANG_WARN_INT_CONVERSION = YES;
				CLANG_WARN_OBJC_ROOT_CLASS = YES_ERROR;
				CLANG_WARN_UNREACHABLE_CODE = YES;
				CLANG_WARN__DUPLICATE_METHOD_MATCH = YES;
				"CODE_SIGN_IDENTITY[sdk=iphoneos*]" = "iPhone Developer";
				COPY_PHASE_STRIP = NO;
				ENABLE_STRICT_OBJC_MSGSEND = YES;
				GCC_C_LANGUAGE_STANDARD = gnu99;
				GCC_DYNAMIC_NO_PIC = NO;
				GCC_OPTIMIZATION_LEVEL = 0;
				GCC_PREPROCESSOR_DEFINITIONS = (
					"DEBUG=1",
					"$(inherited)",
				);
				GCC_SYMBOLS_PRIVATE_EXTERN = NO;
				GCC_WARN_64_TO_32_BIT_CONVERSION = YES;
				GCC_WARN_ABOUT_RETURN_TYPE = YES_ERROR;
				GCC_WARN_UNDECLARED_SELECTOR = YES;
				GCC_WARN_UNINITIALIZED_AUTOS = YES_AGGRESSIVE;
				GCC_WARN_UNUSED_FUNCTION = YES;
				GCC_WARN_UNUSED_VARIABLE = YES;
				IPHONEOS_DEPLOYMENT_TARGET = 8.0;
				MTL_ENABLE_DEBUG_INFO = YES;
				ONLY_ACTIVE_ARCH = YES;
				SDKROOT = iphoneos;
				SWIFT_OPTIMIZATION_LEVEL = "-Onone";
			};
			name = Debug;
		};
		5C9DFE2C19BA06F700D435B8 /* Release */ = {
			isa = XCBuildConfiguration;
			buildSettings = {
				ALWAYS_SEARCH_USER_PATHS = NO;
				CLANG_CXX_LANGUAGE_STANDARD = "gnu++0x";
				CLANG_CXX_LIBRARY = "libc++";
				CLANG_ENABLE_MODULES = YES;
				CLANG_ENABLE_OBJC_ARC = YES;
				CLANG_WARN_BOOL_CONVERSION = YES;
				CLANG_WARN_CONSTANT_CONVERSION = YES;
				CLANG_WARN_DIRECT_OBJC_ISA_USAGE = YES_ERROR;
				CLANG_WARN_EMPTY_BODY = YES;
				CLANG_WARN_ENUM_CONVERSION = YES;
				CLANG_WARN_INT_CONVERSION = YES;
				CLANG_WARN_OBJC_ROOT_CLASS = YES_ERROR;
				CLANG_WARN_UNREACHABLE_CODE = YES;
				CLANG_WARN__DUPLICATE_METHOD_MATCH = YES;
				"CODE_SIGN_IDENTITY[sdk=iphoneos*]" = "iPhone Developer";
				COPY_PHASE_STRIP = YES;
				ENABLE_NS_ASSERTIONS = NO;
				ENABLE_STRICT_OBJC_MSGSEND = YES;
				GCC_C_LANGUAGE_STANDARD = gnu99;
				GCC_WARN_64_TO_32_BIT_CONVERSION = YES;
				GCC_WARN_ABOUT_RETURN_TYPE = YES_ERROR;
				GCC_WARN_UNDECLARED_SELECTOR = YES;
				GCC_WARN_UNINITIALIZED_AUTOS = YES_AGGRESSIVE;
				GCC_WARN_UNUSED_FUNCTION = YES;
				GCC_WARN_UNUSED_VARIABLE = YES;
				IPHONEOS_DEPLOYMENT_TARGET = 8.0;
				MTL_ENABLE_DEBUG_INFO = NO;
				SDKROOT = iphoneos;
				VALIDATE_PRODUCT = YES;
			};
			name = Release;
		};
		5C9DFE2E19BA06F700D435B8 /* Debug */ = {
			isa = XCBuildConfiguration;
			buildSettings = {
				ASSETCATALOG_COMPILER_APPICON_NAME = AppIcon;
				ASSETCATALOG_COMPILER_LAUNCHIMAGE_NAME = LaunchImage;
				CLANG_ENABLE_MODULES = YES;
				INFOPLIST_FILE = Smi.ly/Info.plist;
				LD_RUNPATH_SEARCH_PATHS = "$(inherited) @executable_path/Frameworks";
				PRODUCT_NAME = "$(TARGET_NAME)";
				SWIFT_OBJC_BRIDGING_HEADER = "Smi.ly-Bridging-Header.h";
				SWIFT_OPTIMIZATION_LEVEL = "-Onone";
			};
			name = Debug;
		};
		5C9DFE2F19BA06F700D435B8 /* Release */ = {
			isa = XCBuildConfiguration;
			buildSettings = {
				ASSETCATALOG_COMPILER_APPICON_NAME = AppIcon;
				ASSETCATALOG_COMPILER_LAUNCHIMAGE_NAME = LaunchImage;
				CLANG_ENABLE_MODULES = YES;
				INFOPLIST_FILE = Smi.ly/Info.plist;
				LD_RUNPATH_SEARCH_PATHS = "$(inherited) @executable_path/Frameworks";
				PRODUCT_NAME = "$(TARGET_NAME)";
				SWIFT_OBJC_BRIDGING_HEADER = "Smi.ly-Bridging-Header.h";
			};
			name = Release;
		};
/* End XCBuildConfiguration section */

/* Begin XCConfigurationList section */
		5C84F0A519BA314200934D06 /* Build configuration list for PBXNativeTarget "Obscura" */ = {
			isa = XCConfigurationList;
			buildConfigurations = (
				5C84F0A619BA314200934D06 /* Debug */,
				5C84F0A719BA314200934D06 /* Release */,
			);
			defaultConfigurationIsVisible = 0;
			defaultConfigurationName = Release;
		};
		5C9DFE0C19BA06F600D435B8 /* Build configuration list for PBXProject "Smi.ly" */ = {
			isa = XCConfigurationList;
			buildConfigurations = (
				5C9DFE2B19BA06F700D435B8 /* Debug */,
				5C9DFE2C19BA06F700D435B8 /* Release */,
			);
			defaultConfigurationIsVisible = 0;
			defaultConfigurationName = Release;
		};
		5C9DFE2D19BA06F700D435B8 /* Build configuration list for PBXNativeTarget "Smi.ly" */ = {
			isa = XCConfigurationList;
			buildConfigurations = (
				5C9DFE2E19BA06F700D435B8 /* Debug */,
				5C9DFE2F19BA06F700D435B8 /* Release */,
			);
			defaultConfigurationIsVisible = 0;
			defaultConfigurationName = Release;
		};
/* End XCConfigurationList section */
	};
	rootObject = 5C9DFE0919BA06F600D435B8 /* Project object */;
}
