// !$*UTF8*$!
{
	archiveVersion = 1;
	classes = {
	};
	objectVersion = 46;
	objects = {

/* Begin PBXBuildFile section */
		1F90DC923CD53A2B627F84AC /* libPods.a in Frameworks */ = {isa = PBXBuildFile; fileRef = 264DE04F232888DB9BEF7D52 /* libPods.a */; };
		5C70A40B1A22617A00DD3E2F /* LaunchScreen.xib in Resources */ = {isa = PBXBuildFile; fileRef = 5C70A3FA1A22617A00DD3E2F /* LaunchScreen.xib */; };
		5C70A40C1A22617A00DD3E2F /* Main.storyboard in Resources */ = {isa = PBXBuildFile; fileRef = 5C70A3FC1A22617A00DD3E2F /* Main.storyboard */; };
		5C70A40D1A22617A00DD3E2F /* Images.xcassets in Resources */ = {isa = PBXBuildFile; fileRef = 5C70A3FE1A22617A00DD3E2F /* Images.xcassets */; };
		5C70A40E1A22617A00DD3E2F /* Info.plist in Resources */ = {isa = PBXBuildFile; fileRef = 5C70A3FF1A22617A00DD3E2F /* Info.plist */; };
		5C70A40F1A22617A00DD3E2F /* main.m in Sources */ = {isa = PBXBuildFile; fileRef = 5C70A4001A22617A00DD3E2F /* main.m */; };
		5C70A4101A22617A00DD3E2F /* Shoebox.m in Sources */ = {isa = PBXBuildFile; fileRef = 5C70A4021A22617A00DD3E2F /* Shoebox.m */; };
		5C70A4111A22617A00DD3E2F /* Vault.m in Sources */ = {isa = PBXBuildFile; fileRef = 5C70A4041A22617A00DD3E2F /* Vault.m */; };
		5C70A4121A22617A00DD3E2F /* Xray.m in Sources */ = {isa = PBXBuildFile; fileRef = 5C70A4061A22617A00DD3E2F /* Xray.m */; };
		5C70A4131A22617A00DD3E2F /* XrayVisionAppDelegate.m in Sources */ = {isa = PBXBuildFile; fileRef = 5C70A4081A22617A00DD3E2F /* XrayVisionAppDelegate.m */; };
		5C70A4141A22617A00DD3E2F /* XrayVisionViewController.m in Sources */ = {isa = PBXBuildFile; fileRef = 5C70A40A1A22617A00DD3E2F /* XrayVisionViewController.m */; };
		5C70A4211A22695900DD3E2F /* main.m in Sources */ = {isa = PBXBuildFile; fileRef = 5C70A4201A22695900DD3E2F /* main.m */; };
		5C70A4241A22695900DD3E2F /* AppDelegate.m in Sources */ = {isa = PBXBuildFile; fileRef = 5C70A4231A22695900DD3E2F /* AppDelegate.m */; };
		5C70A4271A22695900DD3E2F /* ViewController.m in Sources */ = {isa = PBXBuildFile; fileRef = 5C70A4261A22695900DD3E2F /* ViewController.m */; };
		5C70A42A1A22695900DD3E2F /* Main.storyboard in Resources */ = {isa = PBXBuildFile; fileRef = 5C70A4281A22695900DD3E2F /* Main.storyboard */; };
		5C70A42C1A22695900DD3E2F /* Images.xcassets in Resources */ = {isa = PBXBuildFile; fileRef = 5C70A42B1A22695900DD3E2F /* Images.xcassets */; };
		5C70A42F1A22695900DD3E2F /* LaunchScreen.xib in Resources */ = {isa = PBXBuildFile; fileRef = 5C70A42D1A22695900DD3E2F /* LaunchScreen.xib */; };
		5C70A44E1A226D5500DD3E2F /* Lab.m in Sources */ = {isa = PBXBuildFile; fileRef = 5C70A4431A226D5500DD3E2F /* Lab.m */; };
		5C70A44F1A226D5500DD3E2F /* PeterParker.m in Sources */ = {isa = PBXBuildFile; fileRef = 5C70A4451A226D5500DD3E2F /* PeterParker.m */; };
		5C70A4501A226D5500DD3E2F /* Pig.m in Sources */ = {isa = PBXBuildFile; fileRef = 5C70A4471A226D5500DD3E2F /* Pig.m */; };
		5C70A4511A226D5500DD3E2F /* Spider.m in Sources */ = {isa = PBXBuildFile; fileRef = 5C70A4491A226D5500DD3E2F /* Spider.m */; };
		5C70A4521A226D5500DD3E2F /* Spiderman.m in Sources */ = {isa = PBXBuildFile; fileRef = 5C70A44B1A226D5500DD3E2F /* Spiderman.m */; };
		5C70A4531A226D5500DD3E2F /* SpiderPig.m in Sources */ = {isa = PBXBuildFile; fileRef = 5C70A44D1A226D5500DD3E2F /* SpiderPig.m */; };
		5C70A4561A226DA100DD3E2F /* Animal.m in Sources */ = {isa = PBXBuildFile; fileRef = 5C70A4551A226DA100DD3E2F /* Animal.m */; };
		5C7776381A28BC1500021FAB /* BadGuy.m in Sources */ = {isa = PBXBuildFile; fileRef = 5C81BB891A2658CF009DC328 /* BadGuy.m */; };
		5C77763B1A28BCFD00021FAB /* AnotherBadGuy.m in Sources */ = {isa = PBXBuildFile; fileRef = 5C77763A1A28BCFD00021FAB /* AnotherBadGuy.m */; };
		5C81BB601A2653B3009DC328 /* main.m in Sources */ = {isa = PBXBuildFile; fileRef = 5C81BB5F1A2653B3009DC328 /* main.m */; };
		5C81BB631A2653B3009DC328 /* AppDelegate.m in Sources */ = {isa = PBXBuildFile; fileRef = 5C81BB621A2653B3009DC328 /* AppDelegate.m */; };
		5C81BB661A2653B3009DC328 /* ViewController.m in Sources */ = {isa = PBXBuildFile; fileRef = 5C81BB651A2653B3009DC328 /* ViewController.m */; };
		5C81BB691A2653B3009DC328 /* Main.storyboard in Resources */ = {isa = PBXBuildFile; fileRef = 5C81BB671A2653B3009DC328 /* Main.storyboard */; };
		5C81BB6B1A2653B3009DC328 /* Images.xcassets in Resources */ = {isa = PBXBuildFile; fileRef = 5C81BB6A1A2653B3009DC328 /* Images.xcassets */; };
		5C81BB6E1A2653B3009DC328 /* LaunchScreen.xib in Resources */ = {isa = PBXBuildFile; fileRef = 5C81BB6C1A2653B3009DC328 /* LaunchScreen.xib */; };
		5C81BB831A2653C5009DC328 /* Superswizzling.m in Sources */ = {isa = PBXBuildFile; fileRef = 5C81BB821A2653C5009DC328 /* Superswizzling.m */; };
		5C81BB8A1A2658CF009DC328 /* BadGuy.m in Sources */ = {isa = PBXBuildFile; fileRef = 5C81BB891A2658CF009DC328 /* BadGuy.m */; };
		5CF20AB01A20F18C004EE0C2 /* main.m in Sources */ = {isa = PBXBuildFile; fileRef = 5CF20AAF1A20F18C004EE0C2 /* main.m */; };
		5CF20AB31A20F18C004EE0C2 /* AppDelegate.m in Sources */ = {isa = PBXBuildFile; fileRef = 5CF20AB21A20F18C004EE0C2 /* AppDelegate.m */; };
		5CF20AB61A20F18C004EE0C2 /* ViewController.m in Sources */ = {isa = PBXBuildFile; fileRef = 5CF20AB51A20F18C004EE0C2 /* ViewController.m */; };
		5CF20AB91A20F18C004EE0C2 /* Main.storyboard in Resources */ = {isa = PBXBuildFile; fileRef = 5CF20AB71A20F18C004EE0C2 /* Main.storyboard */; };
		5CF20ABB1A20F18C004EE0C2 /* Images.xcassets in Resources */ = {isa = PBXBuildFile; fileRef = 5CF20ABA1A20F18C004EE0C2 /* Images.xcassets */; };
		5CF20ABE1A20F18C004EE0C2 /* LaunchScreen.xib in Resources */ = {isa = PBXBuildFile; fileRef = 5CF20ABC1A20F18C004EE0C2 /* LaunchScreen.xib */; };
		5CF20AD21A20F41B004EE0C2 /* heroes.json in Resources */ = {isa = PBXBuildFile; fileRef = 5CF20AD11A20F41B004EE0C2 /* heroes.json */; };
		5CF20AD51A20F541004EE0C2 /* Hero.m in Sources */ = {isa = PBXBuildFile; fileRef = 5CF20AD41A20F541004EE0C2 /* Hero.m */; };
		5CF20AD81A20F562004EE0C2 /* Spiderman.m in Sources */ = {isa = PBXBuildFile; fileRef = 5CF20AD71A20F562004EE0C2 /* Spiderman.m */; };
		5CF20ADB1A20F56E004EE0C2 /* Superman.m in Sources */ = {isa = PBXBuildFile; fileRef = 5CF20ADA1A20F56E004EE0C2 /* Superman.m */; };
		5CF20ADE1A20F65C004EE0C2 /* Smarser.m in Sources */ = {isa = PBXBuildFile; fileRef = 5CF20ADD1A20F65C004EE0C2 /* Smarser.m */; };
		5CF20AE01A213221004EE0C2 /* heroes-corrupted.json in Resources */ = {isa = PBXBuildFile; fileRef = 5CF20ADF1A213221004EE0C2 /* heroes-corrupted.json */; };
		B19032267D694563B23E0DBD /* libPods-Swizzling.a in Frameworks */ = {isa = PBXBuildFile; fileRef = 742B7313F5DD349FD1232022 /* libPods-Swizzling.a */; };
/* End PBXBuildFile section */

/* Begin PBXFileReference section */
		0A5739CFB3E7AD723933D1BD /* Pods-Swizzling.debug.xcconfig */ = {isa = PBXFileReference; includeInIndex = 1; lastKnownFileType = text.xcconfig; name = "Pods-Swizzling.debug.xcconfig"; path = "Pods/Target Support Files/Pods-Swizzling/Pods-Swizzling.debug.xcconfig"; sourceTree = "<group>"; };
		20456F4F16341BC33D4646E3 /* Pods-Swizzling.release.xcconfig */ = {isa = PBXFileReference; includeInIndex = 1; lastKnownFileType = text.xcconfig; name = "Pods-Swizzling.release.xcconfig"; path = "Pods/Target Support Files/Pods-Swizzling/Pods-Swizzling.release.xcconfig"; sourceTree = "<group>"; };
		264DE04F232888DB9BEF7D52 /* libPods.a */ = {isa = PBXFileReference; explicitFileType = archive.ar; includeInIndex = 0; path = libPods.a; sourceTree = BUILT_PRODUCTS_DIR; };
		5C70A3FB1A22617A00DD3E2F /* Base */ = {isa = PBXFileReference; lastKnownFileType = file.xib; name = Base; path = Base.lproj/LaunchScreen.xib; sourceTree = "<group>"; };
		5C70A3FD1A22617A00DD3E2F /* Base */ = {isa = PBXFileReference; lastKnownFileType = file.storyboard; name = Base; path = Base.lproj/Main.storyboard; sourceTree = "<group>"; };
		5C70A3FE1A22617A00DD3E2F /* Images.xcassets */ = {isa = PBXFileReference; lastKnownFileType = folder.assetcatalog; path = Images.xcassets; sourceTree = "<group>"; };
		5C70A3FF1A22617A00DD3E2F /* Info.plist */ = {isa = PBXFileReference; fileEncoding = 4; lastKnownFileType = text.plist.xml; path = Info.plist; sourceTree = "<group>"; };
		5C70A4001A22617A00DD3E2F /* main.m */ = {isa = PBXFileReference; fileEncoding = 4; lastKnownFileType = sourcecode.c.objc; path = main.m; sourceTree = "<group>"; };
		5C70A4011A22617A00DD3E2F /* Shoebox.h */ = {isa = PBXFileReference; fileEncoding = 4; lastKnownFileType = sourcecode.c.h; path = Shoebox.h; sourceTree = "<group>"; };
		5C70A4021A22617A00DD3E2F /* Shoebox.m */ = {isa = PBXFileReference; fileEncoding = 4; lastKnownFileType = sourcecode.c.objc; path = Shoebox.m; sourceTree = "<group>"; };
		5C70A4031A22617A00DD3E2F /* Vault.h */ = {isa = PBXFileReference; fileEncoding = 4; lastKnownFileType = sourcecode.c.h; path = Vault.h; sourceTree = "<group>"; };
		5C70A4041A22617A00DD3E2F /* Vault.m */ = {isa = PBXFileReference; fileEncoding = 4; lastKnownFileType = sourcecode.c.objc; path = Vault.m; sourceTree = "<group>"; };
		5C70A4051A22617A00DD3E2F /* Xray.h */ = {isa = PBXFileReference; fileEncoding = 4; lastKnownFileType = sourcecode.c.h; path = Xray.h; sourceTree = "<group>"; };
		5C70A4061A22617A00DD3E2F /* Xray.m */ = {isa = PBXFileReference; fileEncoding = 4; lastKnownFileType = sourcecode.c.objc; path = Xray.m; sourceTree = "<group>"; };
		5C70A4071A22617A00DD3E2F /* XrayVisionAppDelegate.h */ = {isa = PBXFileReference; fileEncoding = 4; lastKnownFileType = sourcecode.c.h; path = XrayVisionAppDelegate.h; sourceTree = "<group>"; };
		5C70A4081A22617A00DD3E2F /* XrayVisionAppDelegate.m */ = {isa = PBXFileReference; fileEncoding = 4; lastKnownFileType = sourcecode.c.objc; path = XrayVisionAppDelegate.m; sourceTree = "<group>"; };
		5C70A4091A22617A00DD3E2F /* XrayVisionViewController.h */ = {isa = PBXFileReference; fileEncoding = 4; lastKnownFileType = sourcecode.c.h; path = XrayVisionViewController.h; sourceTree = "<group>"; };
		5C70A40A1A22617A00DD3E2F /* XrayVisionViewController.m */ = {isa = PBXFileReference; fileEncoding = 4; lastKnownFileType = sourcecode.c.objc; path = XrayVisionViewController.m; sourceTree = "<group>"; };
		5C70A41C1A22695900DD3E2F /* Frankenstein.app */ = {isa = PBXFileReference; explicitFileType = wrapper.application; includeInIndex = 0; path = Frankenstein.app; sourceTree = BUILT_PRODUCTS_DIR; };
		5C70A41F1A22695900DD3E2F /* Info.plist */ = {isa = PBXFileReference; lastKnownFileType = text.plist.xml; path = Info.plist; sourceTree = "<group>"; };
		5C70A4201A22695900DD3E2F /* main.m */ = {isa = PBXFileReference; lastKnownFileType = sourcecode.c.objc; path = main.m; sourceTree = "<group>"; };
		5C70A4221A22695900DD3E2F /* AppDelegate.h */ = {isa = PBXFileReference; lastKnownFileType = sourcecode.c.h; path = AppDelegate.h; sourceTree = "<group>"; };
		5C70A4231A22695900DD3E2F /* AppDelegate.m */ = {isa = PBXFileReference; lastKnownFileType = sourcecode.c.objc; path = AppDelegate.m; sourceTree = "<group>"; };
		5C70A4251A22695900DD3E2F /* ViewController.h */ = {isa = PBXFileReference; lastKnownFileType = sourcecode.c.h; path = ViewController.h; sourceTree = "<group>"; };
		5C70A4261A22695900DD3E2F /* ViewController.m */ = {isa = PBXFileReference; lastKnownFileType = sourcecode.c.objc; path = ViewController.m; sourceTree = "<group>"; };
		5C70A4291A22695900DD3E2F /* Base */ = {isa = PBXFileReference; lastKnownFileType = file.storyboard; name = Base; path = Base.lproj/Main.storyboard; sourceTree = "<group>"; };
		5C70A42B1A22695900DD3E2F /* Images.xcassets */ = {isa = PBXFileReference; lastKnownFileType = folder.assetcatalog; path = Images.xcassets; sourceTree = "<group>"; };
		5C70A42E1A22695900DD3E2F /* Base */ = {isa = PBXFileReference; lastKnownFileType = file.xib; name = Base; path = Base.lproj/LaunchScreen.xib; sourceTree = "<group>"; };
		5C70A4421A226D5500DD3E2F /* Lab.h */ = {isa = PBXFileReference; fileEncoding = 4; lastKnownFileType = sourcecode.c.h; path = Lab.h; sourceTree = "<group>"; };
		5C70A4431A226D5500DD3E2F /* Lab.m */ = {isa = PBXFileReference; fileEncoding = 4; lastKnownFileType = sourcecode.c.objc; path = Lab.m; sourceTree = "<group>"; };
		5C70A4441A226D5500DD3E2F /* PeterParker.h */ = {isa = PBXFileReference; fileEncoding = 4; lastKnownFileType = sourcecode.c.h; path = PeterParker.h; sourceTree = "<group>"; };
		5C70A4451A226D5500DD3E2F /* PeterParker.m */ = {isa = PBXFileReference; fileEncoding = 4; lastKnownFileType = sourcecode.c.objc; path = PeterParker.m; sourceTree = "<group>"; };
		5C70A4461A226D5500DD3E2F /* Pig.h */ = {isa = PBXFileReference; fileEncoding = 4; lastKnownFileType = sourcecode.c.h; path = Pig.h; sourceTree = "<group>"; };
		5C70A4471A226D5500DD3E2F /* Pig.m */ = {isa = PBXFileReference; fileEncoding = 4; lastKnownFileType = sourcecode.c.objc; path = Pig.m; sourceTree = "<group>"; };
		5C70A4481A226D5500DD3E2F /* Spider.h */ = {isa = PBXFileReference; fileEncoding = 4; lastKnownFileType = sourcecode.c.h; path = Spider.h; sourceTree = "<group>"; };
		5C70A4491A226D5500DD3E2F /* Spider.m */ = {isa = PBXFileReference; fileEncoding = 4; lastKnownFileType = sourcecode.c.objc; path = Spider.m; sourceTree = "<group>"; };
		5C70A44A1A226D5500DD3E2F /* Spiderman.h */ = {isa = PBXFileReference; fileEncoding = 4; lastKnownFileType = sourcecode.c.h; path = Spiderman.h; sourceTree = "<group>"; };
		5C70A44B1A226D5500DD3E2F /* Spiderman.m */ = {isa = PBXFileReference; fileEncoding = 4; lastKnownFileType = sourcecode.c.objc; path = Spiderman.m; sourceTree = "<group>"; };
		5C70A44C1A226D5500DD3E2F /* SpiderPig.h */ = {isa = PBXFileReference; fileEncoding = 4; lastKnownFileType = sourcecode.c.h; path = SpiderPig.h; sourceTree = "<group>"; };
		5C70A44D1A226D5500DD3E2F /* SpiderPig.m */ = {isa = PBXFileReference; fileEncoding = 4; lastKnownFileType = sourcecode.c.objc; path = SpiderPig.m; sourceTree = "<group>"; };
		5C70A4541A226DA100DD3E2F /* Animal.h */ = {isa = PBXFileReference; fileEncoding = 4; lastKnownFileType = sourcecode.c.h; path = Animal.h; sourceTree = "<group>"; };
		5C70A4551A226DA100DD3E2F /* Animal.m */ = {isa = PBXFileReference; fileEncoding = 4; lastKnownFileType = sourcecode.c.objc; path = Animal.m; sourceTree = "<group>"; };
		5C7776391A28BCFD00021FAB /* AnotherBadGuy.h */ = {isa = PBXFileReference; fileEncoding = 4; lastKnownFileType = sourcecode.c.h; path = AnotherBadGuy.h; sourceTree = "<group>"; };
		5C77763A1A28BCFD00021FAB /* AnotherBadGuy.m */ = {isa = PBXFileReference; fileEncoding = 4; lastKnownFileType = sourcecode.c.objc; path = AnotherBadGuy.m; sourceTree = "<group>"; };
		5C81BB5B1A2653B3009DC328 /* Swizzling.app */ = {isa = PBXFileReference; explicitFileType = wrapper.application; includeInIndex = 0; path = Swizzling.app; sourceTree = BUILT_PRODUCTS_DIR; };
		5C81BB5E1A2653B3009DC328 /* Info.plist */ = {isa = PBXFileReference; lastKnownFileType = text.plist.xml; path = Info.plist; sourceTree = "<group>"; };
		5C81BB5F1A2653B3009DC328 /* main.m */ = {isa = PBXFileReference; lastKnownFileType = sourcecode.c.objc; path = main.m; sourceTree = "<group>"; };
		5C81BB611A2653B3009DC328 /* AppDelegate.h */ = {isa = PBXFileReference; lastKnownFileType = sourcecode.c.h; path = AppDelegate.h; sourceTree = "<group>"; };
		5C81BB621A2653B3009DC328 /* AppDelegate.m */ = {isa = PBXFileReference; lastKnownFileType = sourcecode.c.objc; path = AppDelegate.m; sourceTree = "<group>"; };
		5C81BB641A2653B3009DC328 /* ViewController.h */ = {isa = PBXFileReference; lastKnownFileType = sourcecode.c.h; path = ViewController.h; sourceTree = "<group>"; };
		5C81BB651A2653B3009DC328 /* ViewController.m */ = {isa = PBXFileReference; lastKnownFileType = sourcecode.c.objc; path = ViewController.m; sourceTree = "<group>"; };
		5C81BB681A2653B3009DC328 /* Base */ = {isa = PBXFileReference; lastKnownFileType = file.storyboard; name = Base; path = Base.lproj/Main.storyboard; sourceTree = "<group>"; };
		5C81BB6A1A2653B3009DC328 /* Images.xcassets */ = {isa = PBXFileReference; lastKnownFileType = folder.assetcatalog; path = Images.xcassets; sourceTree = "<group>"; };
		5C81BB6D1A2653B3009DC328 /* Base */ = {isa = PBXFileReference; lastKnownFileType = file.xib; name = Base; path = Base.lproj/LaunchScreen.xib; sourceTree = "<group>"; };
		5C81BB811A2653C5009DC328 /* Superswizzling.h */ = {isa = PBXFileReference; fileEncoding = 4; lastKnownFileType = sourcecode.c.h; path = Superswizzling.h; sourceTree = "<group>"; };
		5C81BB821A2653C5009DC328 /* Superswizzling.m */ = {isa = PBXFileReference; fileEncoding = 4; lastKnownFileType = sourcecode.c.objc; path = Superswizzling.m; sourceTree = "<group>"; };
		5C81BB881A2658CF009DC328 /* BadGuy.h */ = {isa = PBXFileReference; fileEncoding = 4; lastKnownFileType = sourcecode.c.h; path = BadGuy.h; sourceTree = "<group>"; };
		5C81BB891A2658CF009DC328 /* BadGuy.m */ = {isa = PBXFileReference; fileEncoding = 4; lastKnownFileType = sourcecode.c.objc; path = BadGuy.m; sourceTree = "<group>"; };
		5CDC4B191A1F812200AE6B85 /* Xray.app */ = {isa = PBXFileReference; explicitFileType = wrapper.application; includeInIndex = 0; path = Xray.app; sourceTree = BUILT_PRODUCTS_DIR; };
		5CF20AAB1A20F18C004EE0C2 /* Smarser.app */ = {isa = PBXFileReference; explicitFileType = wrapper.application; includeInIndex = 0; path = Smarser.app; sourceTree = BUILT_PRODUCTS_DIR; };
		5CF20AAE1A20F18C004EE0C2 /* Info.plist */ = {isa = PBXFileReference; lastKnownFileType = text.plist.xml; path = Info.plist; sourceTree = "<group>"; };
		5CF20AAF1A20F18C004EE0C2 /* main.m */ = {isa = PBXFileReference; lastKnownFileType = sourcecode.c.objc; path = main.m; sourceTree = "<group>"; };
		5CF20AB11A20F18C004EE0C2 /* AppDelegate.h */ = {isa = PBXFileReference; lastKnownFileType = sourcecode.c.h; path = AppDelegate.h; sourceTree = "<group>"; };
		5CF20AB21A20F18C004EE0C2 /* AppDelegate.m */ = {isa = PBXFileReference; lastKnownFileType = sourcecode.c.objc; path = AppDelegate.m; sourceTree = "<group>"; };
		5CF20AB41A20F18C004EE0C2 /* ViewController.h */ = {isa = PBXFileReference; lastKnownFileType = sourcecode.c.h; path = ViewController.h; sourceTree = "<group>"; };
		5CF20AB51A20F18C004EE0C2 /* ViewController.m */ = {isa = PBXFileReference; lastKnownFileType = sourcecode.c.objc; path = ViewController.m; sourceTree = "<group>"; };
		5CF20AB81A20F18C004EE0C2 /* Base */ = {isa = PBXFileReference; lastKnownFileType = file.storyboard; name = Base; path = Base.lproj/Main.storyboard; sourceTree = "<group>"; };
		5CF20ABA1A20F18C004EE0C2 /* Images.xcassets */ = {isa = PBXFileReference; lastKnownFileType = folder.assetcatalog; path = Images.xcassets; sourceTree = "<group>"; };
		5CF20ABD1A20F18C004EE0C2 /* Base */ = {isa = PBXFileReference; lastKnownFileType = file.xib; name = Base; path = Base.lproj/LaunchScreen.xib; sourceTree = "<group>"; };
		5CF20AD11A20F41B004EE0C2 /* heroes.json */ = {isa = PBXFileReference; fileEncoding = 4; lastKnownFileType = text.json; path = heroes.json; sourceTree = "<group>"; };
		5CF20AD31A20F541004EE0C2 /* Hero.h */ = {isa = PBXFileReference; fileEncoding = 4; lastKnownFileType = sourcecode.c.h; path = Hero.h; sourceTree = "<group>"; };
		5CF20AD41A20F541004EE0C2 /* Hero.m */ = {isa = PBXFileReference; fileEncoding = 4; lastKnownFileType = sourcecode.c.objc; path = Hero.m; sourceTree = "<group>"; };
		5CF20AD61A20F562004EE0C2 /* Spiderman.h */ = {isa = PBXFileReference; fileEncoding = 4; lastKnownFileType = sourcecode.c.h; path = Spiderman.h; sourceTree = "<group>"; };
		5CF20AD71A20F562004EE0C2 /* Spiderman.m */ = {isa = PBXFileReference; fileEncoding = 4; lastKnownFileType = sourcecode.c.objc; path = Spiderman.m; sourceTree = "<group>"; };
		5CF20AD91A20F56E004EE0C2 /* Superman.h */ = {isa = PBXFileReference; fileEncoding = 4; lastKnownFileType = sourcecode.c.h; path = Superman.h; sourceTree = "<group>"; };
		5CF20ADA1A20F56E004EE0C2 /* Superman.m */ = {isa = PBXFileReference; fileEncoding = 4; lastKnownFileType = sourcecode.c.objc; path = Superman.m; sourceTree = "<group>"; };
		5CF20ADC1A20F65C004EE0C2 /* Smarser.h */ = {isa = PBXFileReference; fileEncoding = 4; lastKnownFileType = sourcecode.c.h; path = Smarser.h; sourceTree = "<group>"; };
		5CF20ADD1A20F65C004EE0C2 /* Smarser.m */ = {isa = PBXFileReference; fileEncoding = 4; lastKnownFileType = sourcecode.c.objc; path = Smarser.m; sourceTree = "<group>"; };
		5CF20ADF1A213221004EE0C2 /* heroes-corrupted.json */ = {isa = PBXFileReference; fileEncoding = 4; lastKnownFileType = text.json; path = "heroes-corrupted.json"; sourceTree = "<group>"; };
		742B7313F5DD349FD1232022 /* libPods-Swizzling.a */ = {isa = PBXFileReference; explicitFileType = archive.ar; includeInIndex = 0; path = "libPods-Swizzling.a"; sourceTree = BUILT_PRODUCTS_DIR; };
		BBB6E8872848DD644102FCFD /* Pods.release.xcconfig */ = {isa = PBXFileReference; includeInIndex = 1; lastKnownFileType = text.xcconfig; name = Pods.release.xcconfig; path = "Pods/Target Support Files/Pods/Pods.release.xcconfig"; sourceTree = "<group>"; };
		DB81187065103D0E903A4F0E /* Pods.debug.xcconfig */ = {isa = PBXFileReference; includeInIndex = 1; lastKnownFileType = text.xcconfig; name = Pods.debug.xcconfig; path = "Pods/Target Support Files/Pods/Pods.debug.xcconfig"; sourceTree = "<group>"; };
/* End PBXFileReference section */

/* Begin PBXFrameworksBuildPhase section */
		5C70A4191A22695900DD3E2F /* Frameworks */ = {
			isa = PBXFrameworksBuildPhase;
			buildActionMask = 2147483647;
			files = (
			);
			runOnlyForDeploymentPostprocessing = 0;
		};
		5C81BB581A2653B3009DC328 /* Frameworks */ = {
			isa = PBXFrameworksBuildPhase;
			buildActionMask = 2147483647;
			files = (
				B19032267D694563B23E0DBD /* libPods-Swizzling.a in Frameworks */,
			);
			runOnlyForDeploymentPostprocessing = 0;
		};
		5CDC4B161A1F812200AE6B85 /* Frameworks */ = {
			isa = PBXFrameworksBuildPhase;
			buildActionMask = 2147483647;
			files = (
				1F90DC923CD53A2B627F84AC /* libPods.a in Frameworks */,
			);
			runOnlyForDeploymentPostprocessing = 0;
		};
		5CF20AA81A20F18C004EE0C2 /* Frameworks */ = {
			isa = PBXFrameworksBuildPhase;
			buildActionMask = 2147483647;
			files = (
			);
			runOnlyForDeploymentPostprocessing = 0;
		};
/* End PBXFrameworksBuildPhase section */

/* Begin PBXGroup section */
		1C0F913F69C8DD7FABBEFD86 /* Pods */ = {
			isa = PBXGroup;
			children = (
				DB81187065103D0E903A4F0E /* Pods.debug.xcconfig */,
				BBB6E8872848DD644102FCFD /* Pods.release.xcconfig */,
				0A5739CFB3E7AD723933D1BD /* Pods-Swizzling.debug.xcconfig */,
				20456F4F16341BC33D4646E3 /* Pods-Swizzling.release.xcconfig */,
			);
			name = Pods;
			sourceTree = "<group>";
		};
		5C70A3F91A22617A00DD3E2F /* Xray */ = {
			isa = PBXGroup;
			children = (
				5C70A4011A22617A00DD3E2F /* Shoebox.h */,
				5C70A4021A22617A00DD3E2F /* Shoebox.m */,
				5C70A4031A22617A00DD3E2F /* Vault.h */,
				5C70A4041A22617A00DD3E2F /* Vault.m */,
				5C70A4051A22617A00DD3E2F /* Xray.h */,
				5C70A4061A22617A00DD3E2F /* Xray.m */,
				5C7776391A28BCFD00021FAB /* AnotherBadGuy.h */,
				5C77763A1A28BCFD00021FAB /* AnotherBadGuy.m */,
				5C70A40A1A22617A00DD3E2F /* XrayVisionViewController.m */,
				5C70A4161A22618B00DD3E2F /* Supporting Files */,
			);
			path = Xray;
			sourceTree = "<group>";
		};
		5C70A4161A22618B00DD3E2F /* Supporting Files */ = {
			isa = PBXGroup;
			children = (
				5C70A3FA1A22617A00DD3E2F /* LaunchScreen.xib */,
				5C70A3FC1A22617A00DD3E2F /* Main.storyboard */,
				5C70A3FE1A22617A00DD3E2F /* Images.xcassets */,
				5C70A3FF1A22617A00DD3E2F /* Info.plist */,
				5C70A4001A22617A00DD3E2F /* main.m */,
				5C70A4071A22617A00DD3E2F /* XrayVisionAppDelegate.h */,
				5C70A4081A22617A00DD3E2F /* XrayVisionAppDelegate.m */,
				5C70A4091A22617A00DD3E2F /* XrayVisionViewController.h */,
			);
			name = "Supporting Files";
			sourceTree = "<group>";
		};
		5C70A41D1A22695900DD3E2F /* Frankenstein */ = {
			isa = PBXGroup;
			children = (
				5C70A4541A226DA100DD3E2F /* Animal.h */,
				5C70A4551A226DA100DD3E2F /* Animal.m */,
				5C70A4421A226D5500DD3E2F /* Lab.h */,
				5C70A4431A226D5500DD3E2F /* Lab.m */,
				5C70A4441A226D5500DD3E2F /* PeterParker.h */,
				5C70A4451A226D5500DD3E2F /* PeterParker.m */,
				5C70A4461A226D5500DD3E2F /* Pig.h */,
				5C70A4471A226D5500DD3E2F /* Pig.m */,
				5C70A4481A226D5500DD3E2F /* Spider.h */,
				5C70A4491A226D5500DD3E2F /* Spider.m */,
				5C70A44A1A226D5500DD3E2F /* Spiderman.h */,
				5C70A44B1A226D5500DD3E2F /* Spiderman.m */,
				5C70A44C1A226D5500DD3E2F /* SpiderPig.h */,
				5C70A44D1A226D5500DD3E2F /* SpiderPig.m */,
				5C70A4261A22695900DD3E2F /* ViewController.m */,
				5C70A41E1A22695900DD3E2F /* Supporting Files */,
			);
			path = Frankenstein;
			sourceTree = "<group>";
		};
		5C70A41E1A22695900DD3E2F /* Supporting Files */ = {
			isa = PBXGroup;
			children = (
				5C70A4221A22695900DD3E2F /* AppDelegate.h */,
				5C70A4231A22695900DD3E2F /* AppDelegate.m */,
				5C70A4251A22695900DD3E2F /* ViewController.h */,
				5C70A4281A22695900DD3E2F /* Main.storyboard */,
				5C70A42B1A22695900DD3E2F /* Images.xcassets */,
				5C70A42D1A22695900DD3E2F /* LaunchScreen.xib */,
				5C70A41F1A22695900DD3E2F /* Info.plist */,
				5C70A4201A22695900DD3E2F /* main.m */,
			);
			name = "Supporting Files";
			sourceTree = "<group>";
		};
		5C81BB5C1A2653B3009DC328 /* Swizzling */ = {
			isa = PBXGroup;
			children = (
				5C81BB651A2653B3009DC328 /* ViewController.m */,
				5C81BB881A2658CF009DC328 /* BadGuy.h */,
				5C81BB891A2658CF009DC328 /* BadGuy.m */,
				5C81BB811A2653C5009DC328 /* Superswizzling.h */,
				5C81BB821A2653C5009DC328 /* Superswizzling.m */,
				5C81BB5D1A2653B3009DC328 /* Supporting Files */,
			);
			path = Swizzling;
			sourceTree = "<group>";
		};
		5C81BB5D1A2653B3009DC328 /* Supporting Files */ = {
			isa = PBXGroup;
			children = (
				5C81BB611A2653B3009DC328 /* AppDelegate.h */,
				5C81BB621A2653B3009DC328 /* AppDelegate.m */,
				5C81BB641A2653B3009DC328 /* ViewController.h */,
				5C81BB671A2653B3009DC328 /* Main.storyboard */,
				5C81BB6A1A2653B3009DC328 /* Images.xcassets */,
				5C81BB6C1A2653B3009DC328 /* LaunchScreen.xib */,
				5C81BB5E1A2653B3009DC328 /* Info.plist */,
				5C81BB5F1A2653B3009DC328 /* main.m */,
			);
			name = "Supporting Files";
			sourceTree = "<group>";
		};
		5CDC4AE31A1F7FD300AE6B85 = {
			isa = PBXGroup;
			children = (
				5C81BB5C1A2653B3009DC328 /* Swizzling */,
				5CF20AAC1A20F18C004EE0C2 /* Smarser */,
				5C70A41D1A22695900DD3E2F /* Frankenstein */,
				5C70A3F91A22617A00DD3E2F /* Xray */,
				5CDC4AED1A1F7FD300AE6B85 /* Products */,
				1C0F913F69C8DD7FABBEFD86 /* Pods */,
				B2E2DD020DBC465502FD513E /* Frameworks */,
			);
			sourceTree = "<group>";
		};
		5CDC4AED1A1F7FD300AE6B85 /* Products */ = {
			isa = PBXGroup;
			children = (
				5CDC4B191A1F812200AE6B85 /* Xray.app */,
				5CF20AAB1A20F18C004EE0C2 /* Smarser.app */,
				5C70A41C1A22695900DD3E2F /* Frankenstein.app */,
				5C81BB5B1A2653B3009DC328 /* Swizzling.app */,
			);
			name = Products;
			sourceTree = "<group>";
		};
		5CF20AAC1A20F18C004EE0C2 /* Smarser */ = {
			isa = PBXGroup;
			children = (
				5CF20AB51A20F18C004EE0C2 /* ViewController.m */,
				5CF20ADC1A20F65C004EE0C2 /* Smarser.h */,
				5CF20ADD1A20F65C004EE0C2 /* Smarser.m */,
				5CF20AD61A20F562004EE0C2 /* Spiderman.h */,
				5CF20AD71A20F562004EE0C2 /* Spiderman.m */,
				5CF20AD91A20F56E004EE0C2 /* Superman.h */,
				5CF20ADA1A20F56E004EE0C2 /* Superman.m */,
				5CF20AD11A20F41B004EE0C2 /* heroes.json */,
				5CF20ADF1A213221004EE0C2 /* heroes-corrupted.json */,
				5CF20AAD1A20F18C004EE0C2 /* Supporting Files */,
			);
			path = Smarser;
			sourceTree = "<group>";
		};
		5CF20AAD1A20F18C004EE0C2 /* Supporting Files */ = {
			isa = PBXGroup;
			children = (
				5CF20AD31A20F541004EE0C2 /* Hero.h */,
				5CF20AD41A20F541004EE0C2 /* Hero.m */,
				5CF20AB11A20F18C004EE0C2 /* AppDelegate.h */,
				5CF20AB21A20F18C004EE0C2 /* AppDelegate.m */,
				5CF20AB41A20F18C004EE0C2 /* ViewController.h */,
				5CF20AB71A20F18C004EE0C2 /* Main.storyboard */,
				5CF20ABA1A20F18C004EE0C2 /* Images.xcassets */,
				5CF20ABC1A20F18C004EE0C2 /* LaunchScreen.xib */,
				5CF20AAE1A20F18C004EE0C2 /* Info.plist */,
				5CF20AAF1A20F18C004EE0C2 /* main.m */,
			);
			name = "Supporting Files";
			sourceTree = "<group>";
		};
		B2E2DD020DBC465502FD513E /* Frameworks */ = {
			isa = PBXGroup;
			children = (
				264DE04F232888DB9BEF7D52 /* libPods.a */,
				742B7313F5DD349FD1232022 /* libPods-Swizzling.a */,
			);
			name = Frameworks;
			sourceTree = "<group>";
		};
/* End PBXGroup section */

/* Begin PBXNativeTarget section */
		5C70A41B1A22695900DD3E2F /* Frankenstein */ = {
			isa = PBXNativeTarget;
			buildConfigurationList = 5C70A43C1A22695900DD3E2F /* Build configuration list for PBXNativeTarget "Frankenstein" */;
			buildPhases = (
				5C70A4181A22695900DD3E2F /* Sources */,
				5C70A4191A22695900DD3E2F /* Frameworks */,
				5C70A41A1A22695900DD3E2F /* Resources */,
			);
			buildRules = (
			);
			dependencies = (
			);
			name = Frankenstein;
			productName = Frankenstein;
			productReference = 5C70A41C1A22695900DD3E2F /* Frankenstein.app */;
			productType = "com.apple.product-type.application";
		};
		5C81BB5A1A2653B3009DC328 /* Swizzling */ = {
			isa = PBXNativeTarget;
			buildConfigurationList = 5C81BB7F1A2653B4009DC328 /* Build configuration list for PBXNativeTarget "Swizzling" */;
			buildPhases = (
				A91B93F923552C5F7CE6D5D3 /* Check Pods Manifest.lock */,
				5C81BB571A2653B3009DC328 /* Sources */,
				5C81BB581A2653B3009DC328 /* Frameworks */,
				5C81BB591A2653B3009DC328 /* Resources */,
				FEC476F668F7C0703AA89B9D /* Copy Pods Resources */,
			);
			buildRules = (
			);
			dependencies = (
			);
			name = Swizzling;
			productName = Swizzling;
			productReference = 5C81BB5B1A2653B3009DC328 /* Swizzling.app */;
			productType = "com.apple.product-type.application";
		};
		5CDC4B181A1F812200AE6B85 /* Xray */ = {
			isa = PBXNativeTarget;
			buildConfigurationList = 5CDC4B391A1F812300AE6B85 /* Build configuration list for PBXNativeTarget "Xray" */;
			buildPhases = (
				D63C50E14A7AEE4E22DC4B4E /* Check Pods Manifest.lock */,
				5CDC4B151A1F812200AE6B85 /* Sources */,
				5CDC4B161A1F812200AE6B85 /* Frameworks */,
				5CDC4B171A1F812200AE6B85 /* Resources */,
				59EB09B6637CC58512484F6D /* Copy Pods Resources */,
			);
			buildRules = (
			);
			dependencies = (
			);
			name = Xray;
			productName = KVO;
			productReference = 5CDC4B191A1F812200AE6B85 /* Xray.app */;
			productType = "com.apple.product-type.application";
		};
		5CF20AAA1A20F18C004EE0C2 /* Smarser */ = {
			isa = PBXNativeTarget;
			buildConfigurationList = 5CF20ACB1A20F18C004EE0C2 /* Build configuration list for PBXNativeTarget "Smarser" */;
			buildPhases = (
				5CF20AA71A20F18C004EE0C2 /* Sources */,
				5CF20AA81A20F18C004EE0C2 /* Frameworks */,
				5CF20AA91A20F18C004EE0C2 /* Resources */,
			);
			buildRules = (
			);
			dependencies = (
			);
			name = Smarser;
			productName = Smarser;
			productReference = 5CF20AAB1A20F18C004EE0C2 /* Smarser.app */;
			productType = "com.apple.product-type.application";
		};
/* End PBXNativeTarget section */

/* Begin PBXProject section */
		5CDC4AE41A1F7FD300AE6B85 /* Project object */ = {
			isa = PBXProject;
			attributes = {
				LastUpgradeCheck = 0610;
				ORGANIZATIONNAME = "Sash Zats";
				TargetAttributes = {
					5C70A41B1A22695900DD3E2F = {
						CreatedOnToolsVersion = 6.1;
					};
					5C81BB5A1A2653B3009DC328 = {
						CreatedOnToolsVersion = 6.1;
					};
					5CDC4B181A1F812200AE6B85 = {
						CreatedOnToolsVersion = 6.1;
					};
					5CF20AAA1A20F18C004EE0C2 = {
						CreatedOnToolsVersion = 6.1;
					};
				};
			};
			buildConfigurationList = 5CDC4AE71A1F7FD300AE6B85 /* Build configuration list for PBXProject "Objective Superman" */;
			compatibilityVersion = "Xcode 3.2";
			developmentRegion = English;
			hasScannedForEncodings = 0;
			knownRegions = (
				en,
				Base,
			);
			mainGroup = 5CDC4AE31A1F7FD300AE6B85;
			productRefGroup = 5CDC4AED1A1F7FD300AE6B85 /* Products */;
			projectDirPath = "";
			projectRoot = "";
			targets = (
				5CDC4B181A1F812200AE6B85 /* Xray */,
				5CF20AAA1A20F18C004EE0C2 /* Smarser */,
				5C70A41B1A22695900DD3E2F /* Frankenstein */,
				5C81BB5A1A2653B3009DC328 /* Swizzling */,
			);
		};
/* End PBXProject section */

/* Begin PBXResourcesBuildPhase section */
		5C70A41A1A22695900DD3E2F /* Resources */ = {
			isa = PBXResourcesBuildPhase;
			buildActionMask = 2147483647;
			files = (
				5C70A42A1A22695900DD3E2F /* Main.storyboard in Resources */,
				5C70A42F1A22695900DD3E2F /* LaunchScreen.xib in Resources */,
				5C70A42C1A22695900DD3E2F /* Images.xcassets in Resources */,
			);
			runOnlyForDeploymentPostprocessing = 0;
		};
		5C81BB591A2653B3009DC328 /* Resources */ = {
			isa = PBXResourcesBuildPhase;
			buildActionMask = 2147483647;
			files = (
				5C81BB691A2653B3009DC328 /* Main.storyboard in Resources */,
				5C81BB6E1A2653B3009DC328 /* LaunchScreen.xib in Resources */,
				5C81BB6B1A2653B3009DC328 /* Images.xcassets in Resources */,
			);
			runOnlyForDeploymentPostprocessing = 0;
		};
		5CDC4B171A1F812200AE6B85 /* Resources */ = {
			isa = PBXResourcesBuildPhase;
			buildActionMask = 2147483647;
			files = (
				5C70A40E1A22617A00DD3E2F /* Info.plist in Resources */,
				5C70A40D1A22617A00DD3E2F /* Images.xcassets in Resources */,
				5C70A40B1A22617A00DD3E2F /* LaunchScreen.xib in Resources */,
				5C70A40C1A22617A00DD3E2F /* Main.storyboard in Resources */,
			);
			runOnlyForDeploymentPostprocessing = 0;
		};
		5CF20AA91A20F18C004EE0C2 /* Resources */ = {
			isa = PBXResourcesBuildPhase;
			buildActionMask = 2147483647;
			files = (
				5CF20AB91A20F18C004EE0C2 /* Main.storyboard in Resources */,
				5CF20AD21A20F41B004EE0C2 /* heroes.json in Resources */,
				5CF20ABE1A20F18C004EE0C2 /* LaunchScreen.xib in Resources */,
				5CF20ABB1A20F18C004EE0C2 /* Images.xcassets in Resources */,
				5CF20AE01A213221004EE0C2 /* heroes-corrupted.json in Resources */,
			);
			runOnlyForDeploymentPostprocessing = 0;
		};
/* End PBXResourcesBuildPhase section */

/* Begin PBXShellScriptBuildPhase section */
		59EB09B6637CC58512484F6D /* Copy Pods Resources */ = {
			isa = PBXShellScriptBuildPhase;
			buildActionMask = 2147483647;
			files = (
			);
			inputPaths = (
			);
			name = "Copy Pods Resources";
			outputPaths = (
			);
			runOnlyForDeploymentPostprocessing = 0;
			shellPath = /bin/sh;
			shellScript = "\"${SRCROOT}/Pods/Target Support Files/Pods/Pods-resources.sh\"\n";
			showEnvVarsInLog = 0;
		};
		A91B93F923552C5F7CE6D5D3 /* Check Pods Manifest.lock */ = {
			isa = PBXShellScriptBuildPhase;
			buildActionMask = 2147483647;
			files = (
			);
			inputPaths = (
			);
			name = "Check Pods Manifest.lock";
			outputPaths = (
			);
			runOnlyForDeploymentPostprocessing = 0;
			shellPath = /bin/sh;
			shellScript = "diff \"${PODS_ROOT}/../Podfile.lock\" \"${PODS_ROOT}/Manifest.lock\" > /dev/null\nif [[ $? != 0 ]] ; then\n    cat << EOM\nerror: The sandbox is not in sync with the Podfile.lock. Run 'pod install' or update your CocoaPods installation.\nEOM\n    exit 1\nfi\n";
			showEnvVarsInLog = 0;
		};
		D63C50E14A7AEE4E22DC4B4E /* Check Pods Manifest.lock */ = {
			isa = PBXShellScriptBuildPhase;
			buildActionMask = 2147483647;
			files = (
			);
			inputPaths = (
			);
			name = "Check Pods Manifest.lock";
			outputPaths = (
			);
			runOnlyForDeploymentPostprocessing = 0;
			shellPath = /bin/sh;
			shellScript = "diff \"${PODS_ROOT}/../Podfile.lock\" \"${PODS_ROOT}/Manifest.lock\" > /dev/null\nif [[ $? != 0 ]] ; then\n    cat << EOM\nerror: The sandbox is not in sync with the Podfile.lock. Run 'pod install' or update your CocoaPods installation.\nEOM\n    exit 1\nfi\n";
			showEnvVarsInLog = 0;
		};
		FEC476F668F7C0703AA89B9D /* Copy Pods Resources */ = {
			isa = PBXShellScriptBuildPhase;
			buildActionMask = 2147483647;
			files = (
			);
			inputPaths = (
			);
			name = "Copy Pods Resources";
			outputPaths = (
			);
			runOnlyForDeploymentPostprocessing = 0;
			shellPath = /bin/sh;
			shellScript = "\"${SRCROOT}/Pods/Target Support Files/Pods-Swizzling/Pods-Swizzling-resources.sh\"\n";
			showEnvVarsInLog = 0;
		};
/* End PBXShellScriptBuildPhase section */

/* Begin PBXSourcesBuildPhase section */
		5C70A4181A22695900DD3E2F /* Sources */ = {
			isa = PBXSourcesBuildPhase;
			buildActionMask = 2147483647;
			files = (
				5C70A4511A226D5500DD3E2F /* Spider.m in Sources */,
				5C70A4521A226D5500DD3E2F /* Spiderman.m in Sources */,
				5C70A4501A226D5500DD3E2F /* Pig.m in Sources */,
				5C70A44F1A226D5500DD3E2F /* PeterParker.m in Sources */,
				5C70A4271A22695900DD3E2F /* ViewController.m in Sources */,
				5C70A4241A22695900DD3E2F /* AppDelegate.m in Sources */,
				5C70A4211A22695900DD3E2F /* main.m in Sources */,
				5C70A4561A226DA100DD3E2F /* Animal.m in Sources */,
				5C70A44E1A226D5500DD3E2F /* Lab.m in Sources */,
				5C70A4531A226D5500DD3E2F /* SpiderPig.m in Sources */,
			);
			runOnlyForDeploymentPostprocessing = 0;
		};
		5C81BB571A2653B3009DC328 /* Sources */ = {
			isa = PBXSourcesBuildPhase;
			buildActionMask = 2147483647;
			files = (
				5C81BB661A2653B3009DC328 /* ViewController.m in Sources */,
				5C81BB8A1A2658CF009DC328 /* BadGuy.m in Sources */,
				5C81BB631A2653B3009DC328 /* AppDelegate.m in Sources */,
				5C81BB601A2653B3009DC328 /* main.m in Sources */,
				5C81BB831A2653C5009DC328 /* Superswizzling.m in Sources */,
			);
			runOnlyForDeploymentPostprocessing = 0;
		};
		5CDC4B151A1F812200AE6B85 /* Sources */ = {
			isa = PBXSourcesBuildPhase;
			buildActionMask = 2147483647;
			files = (
				5C70A4111A22617A00DD3E2F /* Vault.m in Sources */,
				5C7776381A28BC1500021FAB /* BadGuy.m in Sources */,
				5C70A4121A22617A00DD3E2F /* Xray.m in Sources */,
				5C70A4141A22617A00DD3E2F /* XrayVisionViewController.m in Sources */,
				5C70A4131A22617A00DD3E2F /* XrayVisionAppDelegate.m in Sources */,
				5C70A4101A22617A00DD3E2F /* Shoebox.m in Sources */,
				5C70A40F1A22617A00DD3E2F /* main.m in Sources */,
				5C77763B1A28BCFD00021FAB /* AnotherBadGuy.m in Sources */,
			);
			runOnlyForDeploymentPostprocessing = 0;
		};
		5CF20AA71A20F18C004EE0C2 /* Sources */ = {
			isa = PBXSourcesBuildPhase;
			buildActionMask = 2147483647;
			files = (
				5CF20AD51A20F541004EE0C2 /* Hero.m in Sources */,
				5CF20AB61A20F18C004EE0C2 /* ViewController.m in Sources */,
				5CF20AB31A20F18C004EE0C2 /* AppDelegate.m in Sources */,
				5CF20AB01A20F18C004EE0C2 /* main.m in Sources */,
				5CF20ADE1A20F65C004EE0C2 /* Smarser.m in Sources */,
				5CF20ADB1A20F56E004EE0C2 /* Superman.m in Sources */,
				5CF20AD81A20F562004EE0C2 /* Spiderman.m in Sources */,
			);
			runOnlyForDeploymentPostprocessing = 0;
		};
/* End PBXSourcesBuildPhase section */

/* Begin PBXVariantGroup section */
		5C70A3FA1A22617A00DD3E2F /* LaunchScreen.xib */ = {
			isa = PBXVariantGroup;
			children = (
				5C70A3FB1A22617A00DD3E2F /* Base */,
			);
			name = LaunchScreen.xib;
			sourceTree = "<group>";
		};
		5C70A3FC1A22617A00DD3E2F /* Main.storyboard */ = {
			isa = PBXVariantGroup;
			children = (
				5C70A3FD1A22617A00DD3E2F /* Base */,
			);
			name = Main.storyboard;
			sourceTree = "<group>";
		};
		5C70A4281A22695900DD3E2F /* Main.storyboard */ = {
			isa = PBXVariantGroup;
			children = (
				5C70A4291A22695900DD3E2F /* Base */,
			);
			name = Main.storyboard;
			sourceTree = "<group>";
		};
		5C70A42D1A22695900DD3E2F /* LaunchScreen.xib */ = {
			isa = PBXVariantGroup;
			children = (
				5C70A42E1A22695900DD3E2F /* Base */,
			);
			name = LaunchScreen.xib;
			sourceTree = "<group>";
		};
		5C81BB671A2653B3009DC328 /* Main.storyboard */ = {
			isa = PBXVariantGroup;
			children = (
				5C81BB681A2653B3009DC328 /* Base */,
			);
			name = Main.storyboard;
			sourceTree = "<group>";
		};
		5C81BB6C1A2653B3009DC328 /* LaunchScreen.xib */ = {
			isa = PBXVariantGroup;
			children = (
				5C81BB6D1A2653B3009DC328 /* Base */,
			);
			name = LaunchScreen.xib;
			sourceTree = "<group>";
		};
		5CF20AB71A20F18C004EE0C2 /* Main.storyboard */ = {
			isa = PBXVariantGroup;
			children = (
				5CF20AB81A20F18C004EE0C2 /* Base */,
			);
			name = Main.storyboard;
			sourceTree = "<group>";
		};
		5CF20ABC1A20F18C004EE0C2 /* LaunchScreen.xib */ = {
			isa = PBXVariantGroup;
			children = (
				5CF20ABD1A20F18C004EE0C2 /* Base */,
			);
			name = LaunchScreen.xib;
			sourceTree = "<group>";
		};
/* End PBXVariantGroup section */

/* Begin XCBuildConfiguration section */
		5C70A43D1A22695900DD3E2F /* Debug */ = {
			isa = XCBuildConfiguration;
			buildSettings = {
				ASSETCATALOG_COMPILER_APPICON_NAME = AppIcon;
				GCC_PREPROCESSOR_DEFINITIONS = (
					"DEBUG=1",
					"$(inherited)",
				);
				INFOPLIST_FILE = Frankenstein/Info.plist;
				LD_RUNPATH_SEARCH_PATHS = "$(inherited) @executable_path/Frameworks";
				PRODUCT_NAME = "$(TARGET_NAME)";
			};
			name = Debug;
		};
		5C70A43E1A22695900DD3E2F /* Release */ = {
			isa = XCBuildConfiguration;
			buildSettings = {
				ASSETCATALOG_COMPILER_APPICON_NAME = AppIcon;
				INFOPLIST_FILE = Frankenstein/Info.plist;
				LD_RUNPATH_SEARCH_PATHS = "$(inherited) @executable_path/Frameworks";
				PRODUCT_NAME = "$(TARGET_NAME)";
			};
			name = Release;
		};
		5C81BB7B1A2653B4009DC328 /* Debug */ = {
			isa = XCBuildConfiguration;
			baseConfigurationReference = 0A5739CFB3E7AD723933D1BD /* Pods-Swizzling.debug.xcconfig */;
			buildSettings = {
				ASSETCATALOG_COMPILER_APPICON_NAME = AppIcon;
				GCC_PREPROCESSOR_DEFINITIONS = (
					"DEBUG=1",
					"$(inherited)",
				);
				INFOPLIST_FILE = Swizzling/Info.plist;
				LD_RUNPATH_SEARCH_PATHS = "$(inherited) @executable_path/Frameworks";
				PRODUCT_NAME = "$(TARGET_NAME)";
			};
			name = Debug;
		};
		5C81BB7C1A2653B4009DC328 /* Release */ = {
			isa = XCBuildConfiguration;
			baseConfigurationReference = 20456F4F16341BC33D4646E3 /* Pods-Swizzling.release.xcconfig */;
			buildSettings = {
				ASSETCATALOG_COMPILER_APPICON_NAME = AppIcon;
				INFOPLIST_FILE = Swizzling/Info.plist;
				LD_RUNPATH_SEARCH_PATHS = "$(inherited) @executable_path/Frameworks";
				PRODUCT_NAME = "$(TARGET_NAME)";
			};
			name = Release;
		};
		5CDC4B0D1A1F7FD300AE6B85 /* Debug */ = {
			isa = XCBuildConfiguration;
			buildSettings = {
				ALWAYS_SEARCH_USER_PATHS = NO;
				CLANG_CXX_LANGUAGE_STANDARD = "gnu++0x";
				CLANG_CXX_LIBRARY = "libc++";
				CLANG_ENABLE_MODULES = YES;
				CLANG_ENABLE_OBJC_ARC = YES;
				CLANG_WARN_BOOL_CONVERSION = YES;
				CLANG_WARN_CONSTANT_CONVERSION = YES;
				CLANG_WARN_DIRECT_OBJC_ISA_USAGE = YES_ERROR;
				CLANG_WARN_EMPTY_BODY = YES;
				CLANG_WARN_ENUM_CONVERSION = YES;
				CLANG_WARN_INT_CONVERSION = YES;
				CLANG_WARN_OBJC_ROOT_CLASS = YES_ERROR;
				CLANG_WARN_UNREACHABLE_CODE = YES;
				CLANG_WARN__DUPLICATE_METHOD_MATCH = YES;
				"CODE_SIGN_IDENTITY[sdk=iphoneos*]" = "iPhone Developer";
				COPY_PHASE_STRIP = NO;
				ENABLE_STRICT_OBJC_MSGSEND = YES;
				GCC_C_LANGUAGE_STANDARD = gnu99;
				GCC_DYNAMIC_NO_PIC = NO;
				GCC_OPTIMIZATION_LEVEL = 0;
				GCC_PREPROCESSOR_DEFINITIONS = (
					"DEBUG=1",
					"$(inherited)",
				);
				GCC_SYMBOLS_PRIVATE_EXTERN = NO;
				GCC_WARN_64_TO_32_BIT_CONVERSION = YES;
				GCC_WARN_ABOUT_RETURN_TYPE = YES_ERROR;
				GCC_WARN_UNDECLARED_SELECTOR = YES;
				GCC_WARN_UNINITIALIZED_AUTOS = YES_AGGRESSIVE;
				GCC_WARN_UNUSED_FUNCTION = YES;
				GCC_WARN_UNUSED_VARIABLE = YES;
				IPHONEOS_DEPLOYMENT_TARGET = 8.1;
				MTL_ENABLE_DEBUG_INFO = YES;
				ONLY_ACTIVE_ARCH = YES;
				SDKROOT = iphoneos;
				TARGETED_DEVICE_FAMILY = "1,2";
			};
			name = Debug;
		};
		5CDC4B0E1A1F7FD300AE6B85 /* Release */ = {
			isa = XCBuildConfiguration;
			buildSettings = {
				ALWAYS_SEARCH_USER_PATHS = NO;
				CLANG_CXX_LANGUAGE_STANDARD = "gnu++0x";
				CLANG_CXX_LIBRARY = "libc++";
				CLANG_ENABLE_MODULES = YES;
				CLANG_ENABLE_OBJC_ARC = YES;
				CLANG_WARN_BOOL_CONVERSION = YES;
				CLANG_WARN_CONSTANT_CONVERSION = YES;
				CLANG_WARN_DIRECT_OBJC_ISA_USAGE = YES_ERROR;
				CLANG_WARN_EMPTY_BODY = YES;
				CLANG_WARN_ENUM_CONVERSION = YES;
				CLANG_WARN_INT_CONVERSION = YES;
				CLANG_WARN_OBJC_ROOT_CLASS = YES_ERROR;
				CLANG_WARN_UNREACHABLE_CODE = YES;
				CLANG_WARN__DUPLICATE_METHOD_MATCH = YES;
				"CODE_SIGN_IDENTITY[sdk=iphoneos*]" = "iPhone Developer";
				COPY_PHASE_STRIP = YES;
				ENABLE_NS_ASSERTIONS = NO;
				ENABLE_STRICT_OBJC_MSGSEND = YES;
				GCC_C_LANGUAGE_STANDARD = gnu99;
				GCC_WARN_64_TO_32_BIT_CONVERSION = YES;
				GCC_WARN_ABOUT_RETURN_TYPE = YES_ERROR;
				GCC_WARN_UNDECLARED_SELECTOR = YES;
				GCC_WARN_UNINITIALIZED_AUTOS = YES_AGGRESSIVE;
				GCC_WARN_UNUSED_FUNCTION = YES;
				GCC_WARN_UNUSED_VARIABLE = YES;
				IPHONEOS_DEPLOYMENT_TARGET = 8.1;
				MTL_ENABLE_DEBUG_INFO = NO;
				SDKROOT = iphoneos;
				TARGETED_DEVICE_FAMILY = "1,2";
				VALIDATE_PRODUCT = YES;
			};
			name = Release;
		};
		5CDC4B3A1A1F812300AE6B85 /* Debug */ = {
			isa = XCBuildConfiguration;
			baseConfigurationReference = DB81187065103D0E903A4F0E /* Pods.debug.xcconfig */;
			buildSettings = {
				ASSETCATALOG_COMPILER_APPICON_NAME = AppIcon;
				GCC_PREPROCESSOR_DEFINITIONS = (
					"DEBUG=1",
					"$(inherited)",
				);
				INFOPLIST_FILE = "$(SRCROOT)/Xray/Info.plist";
				LD_RUNPATH_SEARCH_PATHS = "$(inherited) @executable_path/Frameworks";
				PRODUCT_NAME = "$(TARGET_NAME)";
			};
			name = Debug;
		};
		5CDC4B3B1A1F812300AE6B85 /* Release */ = {
			isa = XCBuildConfiguration;
			baseConfigurationReference = BBB6E8872848DD644102FCFD /* Pods.release.xcconfig */;
			buildSettings = {
				ASSETCATALOG_COMPILER_APPICON_NAME = AppIcon;
				INFOPLIST_FILE = "$(SRCROOT)/Xray/Info.plist";
				LD_RUNPATH_SEARCH_PATHS = "$(inherited) @executable_path/Frameworks";
				PRODUCT_NAME = "$(TARGET_NAME)";
			};
			name = Release;
		};
		5CF20ACC1A20F18C004EE0C2 /* Debug */ = {
			isa = XCBuildConfiguration;
			buildSettings = {
				ASSETCATALOG_COMPILER_APPICON_NAME = AppIcon;
				GCC_PREPROCESSOR_DEFINITIONS = (
					"DEBUG=1",
					"$(inherited)",
				);
				INFOPLIST_FILE = Smarser/Info.plist;
				LD_RUNPATH_SEARCH_PATHS = "$(inherited) @executable_path/Frameworks";
				PRODUCT_NAME = "$(TARGET_NAME)";
			};
			name = Debug;
		};
		5CF20ACD1A20F18C004EE0C2 /* Release */ = {
			isa = XCBuildConfiguration;
			buildSettings = {
				ASSETCATALOG_COMPILER_APPICON_NAME = AppIcon;
				INFOPLIST_FILE = Smarser/Info.plist;
				LD_RUNPATH_SEARCH_PATHS = "$(inherited) @executable_path/Frameworks";
				PRODUCT_NAME = "$(TARGET_NAME)";
			};
			name = Release;
		};
/* End XCBuildConfiguration section */

/* Begin XCConfigurationList section */
		5C70A43C1A22695900DD3E2F /* Build configuration list for PBXNativeTarget "Frankenstein" */ = {
			isa = XCConfigurationList;
			buildConfigurations = (
				5C70A43D1A22695900DD3E2F /* Debug */,
				5C70A43E1A22695900DD3E2F /* Release */,
			);
			defaultConfigurationIsVisible = 0;
			defaultConfigurationName = Release;
		};
		5C81BB7F1A2653B4009DC328 /* Build configuration list for PBXNativeTarget "Swizzling" */ = {
			isa = XCConfigurationList;
			buildConfigurations = (
				5C81BB7B1A2653B4009DC328 /* Debug */,
				5C81BB7C1A2653B4009DC328 /* Release */,
			);
			defaultConfigurationIsVisible = 0;
			defaultConfigurationName = Release;
		};
		5CDC4AE71A1F7FD300AE6B85 /* Build configuration list for PBXProject "Objective Superman" */ = {
			isa = XCConfigurationList;
			buildConfigurations = (
				5CDC4B0D1A1F7FD300AE6B85 /* Debug */,
				5CDC4B0E1A1F7FD300AE6B85 /* Release */,
			);
			defaultConfigurationIsVisible = 0;
			defaultConfigurationName = Release;
		};
		5CDC4B391A1F812300AE6B85 /* Build configuration list for PBXNativeTarget "Xray" */ = {
			isa = XCConfigurationList;
			buildConfigurations = (
				5CDC4B3A1A1F812300AE6B85 /* Debug */,
				5CDC4B3B1A1F812300AE6B85 /* Release */,
			);
			defaultConfigurationIsVisible = 0;
			defaultConfigurationName = Release;
		};
		5CF20ACB1A20F18C004EE0C2 /* Build configuration list for PBXNativeTarget "Smarser" */ = {
			isa = XCConfigurationList;
			buildConfigurations = (
				5CF20ACC1A20F18C004EE0C2 /* Debug */,
				5CF20ACD1A20F18C004EE0C2 /* Release */,
			);
			defaultConfigurationIsVisible = 0;
			defaultConfigurationName = Release;
		};
/* End XCConfigurationList section */
	};
	rootObject = 5CDC4AE41A1F7FD300AE6B85 /* Project object */;
}
